
Microsoft Visual Studio Solution File, Format Version 12.00
# Visual Studio Version 16
VisualStudioVersion = 16.0.30204.135
MinimumVisualStudioVersion = 10.0.40219.1
Project("{FAE04EC0-301F-11D3-BF4B-00C04F79EFBC}") = "Genetical Algorithm", "Genetical Algorithm\Genetical Algorithm.csproj", "{0F778E10-9C3E-424D-83F9-66F9BC961E4C}"
EndProject
Global
	GlobalSection(SolutionConfigurationPlatforms) = preSolution
		Debug|Any CPU = Debug|Any CPU
		Release|Any CPU = Release|Any CPU
	EndGlobalSection
	GlobalSection(ProjectConfigurationPlatforms) = postSolution
		{0F778E10-9C3E-424D-83F9-66F9BC961E4C}.Debug|Any CPU.ActiveCfg = Debug|Any CPU
		{0F778E10-9C3E-424D-83F9-66F9BC961E4C}.Debug|Any CPU.Build.0 = Debug|Any CPU
		{0F778E10-9C3E-424D-83F9-66F9BC961E4C}.Release|Any CPU.ActiveCfg = Release|Any CPU
		{0F778E10-9C3E-424D-83F9-66F9BC961E4C}.Release|Any CPU.Build.0 = Release|Any CPU
	EndGlobalSection
	GlobalSection(SolutionProperties) = preSolution
		HideSolutionNode = FALSE
	EndGlobalSection
	GlobalSection(ExtensibilityGlobals) = postSolution
		SolutionGuid = {6AED63DE-192B-459D-9763-AAF70151C1DC}
	EndGlobalSection
EndGlobal
